// !$*UTF8*$!
{
	archiveVersion = 1;
	classes = {
	};
	objectVersion = 52;
	objects = {

/* Begin PBXBuildFile section */
		C002287E2CE4CA0000FBAA95 /* ProfileView.swift in Sources */ = {isa = PBXBuildFile; fileRef = C002287D2CE4CA0000FBAA95 /* ProfileView.swift */; };
		C00228802CE4CA1600FBAA95 /* LoginView.swift in Sources */ = {isa = PBXBuildFile; fileRef = C002287F2CE4CA1600FBAA95 /* LoginView.swift */; };
		C00228822CE4CA2D00FBAA95 /* RegisterView.swift in Sources */ = {isa = PBXBuildFile; fileRef = C00228812CE4CA2D00FBAA95 /* RegisterView.swift */; };
		C00228842CE4CA4800FBAA95 /* ToDoListView.swift in Sources */ = {isa = PBXBuildFile; fileRef = C00228832CE4CA4800FBAA95 /* ToDoListView.swift */; };
		C00228862CE4CA5F00FBAA95 /* NewItemView.swift in Sources */ = {isa = PBXBuildFile; fileRef = C00228852CE4CA5F00FBAA95 /* NewItemView.swift */; };
		C00228882CE4CA8600FBAA95 /* ToDoListItemView.swift in Sources */ = {isa = PBXBuildFile; fileRef = C00228872CE4CA8600FBAA95 /* ToDoListItemView.swift */; };
		C002288A2CE4CFF200FBAA95 /* User.swift in Sources */ = {isa = PBXBuildFile; fileRef = C00228892CE4CFF200FBAA95 /* User.swift */; };
		C002288C2CE4D03600FBAA95 /* ToDoListItem.swift in Sources */ = {isa = PBXBuildFile; fileRef = C002288B2CE4D03600FBAA95 /* ToDoListItem.swift */; };
		C002288E2CE4D14D00FBAA95 /* MainViewViewModel.swift in Sources */ = {isa = PBXBuildFile; fileRef = C002288D2CE4D14D00FBAA95 /* MainViewViewModel.swift */; };
		C00228902CE4D17900FBAA95 /* ProfileViewViewModel.swift in Sources */ = {isa = PBXBuildFile; fileRef = C002288F2CE4D17900FBAA95 /* ProfileViewViewModel.swift */; };
		C00228922CE4D25C00FBAA95 /* ToDoListViewViewModel.swift in Sources */ = {isa = PBXBuildFile; fileRef = C00228912CE4D25C00FBAA95 /* ToDoListViewViewModel.swift */; };
		C00228942CE4D28600FBAA95 /* NewItemViewViewModel.swift in Sources */ = {isa = PBXBuildFile; fileRef = C00228932CE4D28600FBAA95 /* NewItemViewViewModel.swift */; };
		C00228962CE4D71A00FBAA95 /* LoginViewViewModel.swift in Sources */ = {isa = PBXBuildFile; fileRef = C00228952CE4D71900FBAA95 /* LoginViewViewModel.swift */; };
		C00228982CE4D9A900FBAA95 /* ToDoListItemViewViewModel.swift in Sources */ = {isa = PBXBuildFile; fileRef = C00228972CE4D9A900FBAA95 /* ToDoListItemViewViewModel.swift */; };
		C01445192CE7777C00D7D481 /* HeaderView.swift in Sources */ = {isa = PBXBuildFile; fileRef = C01445182CE7777C00D7D481 /* HeaderView.swift */; };
		C057E4A32CDF5D8300574717 /* ToDoListIosApp.swift in Sources */ = {isa = PBXBuildFile; fileRef = C057E4A22CDF5D8300574717 /* ToDoListIosApp.swift */; };
		C057E4A52CDF5D8300574717 /* MainView.swift in Sources */ = {isa = PBXBuildFile; fileRef = C057E4A42CDF5D8300574717 /* MainView.swift */; };
		C057E4A72CDF5D8600574717 /* Assets.xcassets in Resources */ = {isa = PBXBuildFile; fileRef = C057E4A62CDF5D8600574717 /* Assets.xcassets */; };
		C057E4AA2CDF5D8600574717 /* Preview Assets.xcassets in Resources */ = {isa = PBXBuildFile; fileRef = C057E4A92CDF5D8600574717 /* Preview Assets.xcassets */; };
		C05C44F02CE31AF700FDDAF3 /* FirebaseAuth in Frameworks */ = {isa = PBXBuildFile; productRef = C05C44EF2CE31AF700FDDAF3 /* FirebaseAuth */; };
		C05C44F22CE31AF700FDDAF3 /* FirebaseFirestore in Frameworks */ = {isa = PBXBuildFile; productRef = C05C44F12CE31AF700FDDAF3 /* FirebaseFirestore */; };
		C05C44F42CE31AF700FDDAF3 /* FirebaseFirestoreSwift in Frameworks */ = {isa = PBXBuildFile; productRef = C05C44F32CE31AF700FDDAF3 /* FirebaseFirestoreSwift */; };
		C05C44F62CE3609500FDDAF3 /* GoogleService-Info.plist in Resources */ = {isa = PBXBuildFile; fileRef = C05C44F52CE3609500FDDAF3 /* GoogleService-Info.plist */; };
		C061E7212D1D5CBC0012F826 /* RegisterViewViewModel.swift in Sources */ = {isa = PBXBuildFile; fileRef = C061E7202D1D5CBB0012F826 /* RegisterViewViewModel.swift */; };
		C061E7232D1D72F20012F826 /* Extensions.swift in Sources */ = {isa = PBXBuildFile; fileRef = C061E7222D1D72F20012F826 /* Extensions.swift */; };
		C07AEBFB2D20ADA400244D89 /* Launch Screen.storyboard in Resources */ = {isa = PBXBuildFile; fileRef = C07AEBFA2D20ADA400244D89 /* Launch Screen.storyboard */; };
		C09B02722D1CA719006B90AE /* TLButton.swift in Sources */ = {isa = PBXBuildFile; fileRef = C09B02712D1CA719006B90AE /* TLButton.swift */; };
/* End PBXBuildFile section */

/* Begin PBXFileReference section */
		C002287D2CE4CA0000FBAA95 /* ProfileView.swift */ = {isa = PBXFileReference; lastKnownFileType = sourcecode.swift; path = ProfileView.swift; sourceTree = "<group>"; };
		C002287F2CE4CA1600FBAA95 /* LoginView.swift */ = {isa = PBXFileReference; lastKnownFileType = sourcecode.swift; path = LoginView.swift; sourceTree = "<group>"; };
		C00228812CE4CA2D00FBAA95 /* RegisterView.swift */ = {isa = PBXFileReference; lastKnownFileType = sourcecode.swift; path = RegisterView.swift; sourceTree = "<group>"; };
		C00228832CE4CA4800FBAA95 /* ToDoListView.swift */ = {isa = PBXFileReference; lastKnownFileType = sourcecode.swift; path = ToDoListView.swift; sourceTree = "<group>"; };
		C00228852CE4CA5F00FBAA95 /* NewItemView.swift */ = {isa = PBXFileReference; lastKnownFileType = sourcecode.swift; path = NewItemView.swift; sourceTree = "<group>"; };
		C00228872CE4CA8600FBAA95 /* ToDoListItemView.swift */ = {isa = PBXFileReference; lastKnownFileType = sourcecode.swift; path = ToDoListItemView.swift; sourceTree = "<group>"; };
		C00228892CE4CFF200FBAA95 /* User.swift */ = {isa = PBXFileReference; lastKnownFileType = sourcecode.swift; path = User.swift; sourceTree = "<group>"; };
		C002288B2CE4D03600FBAA95 /* ToDoListItem.swift */ = {isa = PBXFileReference; lastKnownFileType = sourcecode.swift; path = ToDoListItem.swift; sourceTree = "<group>"; };
		C002288D2CE4D14D00FBAA95 /* MainViewViewModel.swift */ = {isa = PBXFileReference; lastKnownFileType = sourcecode.swift; path = MainViewViewModel.swift; sourceTree = "<group>"; };
		C002288F2CE4D17900FBAA95 /* ProfileViewViewModel.swift */ = {isa = PBXFileReference; lastKnownFileType = sourcecode.swift; path = ProfileViewViewModel.swift; sourceTree = "<group>"; };
		C00228912CE4D25C00FBAA95 /* ToDoListViewViewModel.swift */ = {isa = PBXFileReference; lastKnownFileType = sourcecode.swift; path = ToDoListViewViewModel.swift; sourceTree = "<group>"; };
		C00228932CE4D28600FBAA95 /* NewItemViewViewModel.swift */ = {isa = PBXFileReference; lastKnownFileType = sourcecode.swift; path = NewItemViewViewModel.swift; sourceTree = "<group>"; };
		C00228952CE4D71900FBAA95 /* LoginViewViewModel.swift */ = {isa = PBXFileReference; lastKnownFileType = sourcecode.swift; path = LoginViewViewModel.swift; sourceTree = "<group>"; };
		C00228972CE4D9A900FBAA95 /* ToDoListItemViewViewModel.swift */ = {isa = PBXFileReference; lastKnownFileType = sourcecode.swift; path = ToDoListItemViewViewModel.swift; sourceTree = "<group>"; };
		C01445182CE7777C00D7D481 /* HeaderView.swift */ = {isa = PBXFileReference; lastKnownFileType = sourcecode.swift; path = HeaderView.swift; sourceTree = "<group>"; };
		C057E49F2CDF5D8300574717 /* ToDoListIos.app */ = {isa = PBXFileReference; explicitFileType = wrapper.application; includeInIndex = 0; path = ToDoListIos.app; sourceTree = BUILT_PRODUCTS_DIR; };
		C057E4A22CDF5D8300574717 /* ToDoListIosApp.swift */ = {isa = PBXFileReference; lastKnownFileType = sourcecode.swift; path = ToDoListIosApp.swift; sourceTree = "<group>"; };
		C057E4A42CDF5D8300574717 /* MainView.swift */ = {isa = PBXFileReference; lastKnownFileType = sourcecode.swift; path = MainView.swift; sourceTree = "<group>"; };
		C057E4A62CDF5D8600574717 /* Assets.xcassets */ = {isa = PBXFileReference; lastKnownFileType = folder.assetcatalog; path = Assets.xcassets; sourceTree = "<group>"; };
		C057E4A92CDF5D8600574717 /* Preview Assets.xcassets */ = {isa = PBXFileReference; lastKnownFileType = folder.assetcatalog; path = "Preview Assets.xcassets"; sourceTree = "<group>"; };
		C057E4AB2CDF5D8600574717 /* Info.plist */ = {isa = PBXFileReference; lastKnownFileType = text.plist.xml; path = Info.plist; sourceTree = "<group>"; };
		C05C44F52CE3609500FDDAF3 /* GoogleService-Info.plist */ = {isa = PBXFileReference; fileEncoding = 4; lastKnownFileType = text.plist.xml; path = "GoogleService-Info.plist"; sourceTree = "<group>"; };
		C061E7202D1D5CBB0012F826 /* RegisterViewViewModel.swift */ = {isa = PBXFileReference; lastKnownFileType = sourcecode.swift; path = RegisterViewViewModel.swift; sourceTree = "<group>"; };
		C061E7222D1D72F20012F826 /* Extensions.swift */ = {isa = PBXFileReference; lastKnownFileType = sourcecode.swift; path = Extensions.swift; sourceTree = "<group>"; };
		C07AEBFA2D20ADA400244D89 /* Launch Screen.storyboard */ = {isa = PBXFileReference; lastKnownFileType = file.storyboard; path = "Launch Screen.storyboard"; sourceTree = "<group>"; };
		C09B02712D1CA719006B90AE /* TLButton.swift */ = {isa = PBXFileReference; lastKnownFileType = sourcecode.swift; path = TLButton.swift; sourceTree = "<group>"; };
/* End PBXFileReference section */

/* Begin PBXFrameworksBuildPhase section */
		C057E49C2CDF5D8300574717 /* Frameworks */ = {
			isa = PBXFrameworksBuildPhase;
			buildActionMask = 2147483647;
			files = (
				C05C44F02CE31AF700FDDAF3 /* FirebaseAuth in Frameworks */,
				C05C44F22CE31AF700FDDAF3 /* FirebaseFirestore in Frameworks */,
				C05C44F42CE31AF700FDDAF3 /* FirebaseFirestoreSwift in Frameworks */,
			);
			runOnlyForDeploymentPostprocessing = 0;
		};
/* End PBXFrameworksBuildPhase section */

/* Begin PBXGroup section */
		C00228792CE4B24100FBAA95 /* Views */ = {
			isa = PBXGroup;
			children = (
				C057E4A42CDF5D8300574717 /* MainView.swift */,
				C002287D2CE4CA0000FBAA95 /* ProfileView.swift */,
				C002287F2CE4CA1600FBAA95 /* LoginView.swift */,
				C00228812CE4CA2D00FBAA95 /* RegisterView.swift */,
				C00228832CE4CA4800FBAA95 /* ToDoListView.swift */,
				C00228852CE4CA5F00FBAA95 /* NewItemView.swift */,
				C00228872CE4CA8600FBAA95 /* ToDoListItemView.swift */,
				C01445182CE7777C00D7D481 /* HeaderView.swift */,
				C09B02712D1CA719006B90AE /* TLButton.swift */,
			);
			path = Views;
			sourceTree = "<group>";
		};
		C002287A2CE4B26200FBAA95 /* ViewModels */ = {
			isa = PBXGroup;
			children = (
				C002288D2CE4D14D00FBAA95 /* MainViewViewModel.swift */,
				C002288F2CE4D17900FBAA95 /* ProfileViewViewModel.swift */,
				C00228912CE4D25C00FBAA95 /* ToDoListViewViewModel.swift */,
				C00228932CE4D28600FBAA95 /* NewItemViewViewModel.swift */,
				C00228952CE4D71900FBAA95 /* LoginViewViewModel.swift */,
				C00228972CE4D9A900FBAA95 /* ToDoListItemViewViewModel.swift */,
				C061E7202D1D5CBB0012F826 /* RegisterViewViewModel.swift */,
			);
			path = ViewModels;
			sourceTree = "<group>";
		};
		C002287B2CE4B28B00FBAA95 /* Models */ = {
			isa = PBXGroup;
			children = (
				C00228892CE4CFF200FBAA95 /* User.swift */,
				C002288B2CE4D03600FBAA95 /* ToDoListItem.swift */,
			);
			path = Models;
			sourceTree = "<group>";
		};
		C002287C2CE4B2ED00FBAA95 /* other */ = {
			isa = PBXGroup;
			children = (
				C05C44F52CE3609500FDDAF3 /* GoogleService-Info.plist */,
				C057E4A22CDF5D8300574717 /* ToDoListIosApp.swift */,
				C057E4A62CDF5D8600574717 /* Assets.xcassets */,
				C061E7222D1D72F20012F826 /* Extensions.swift */,
				C07AEBFA2D20ADA400244D89 /* Launch Screen.storyboard */,
			);
			path = other;
			sourceTree = "<group>";
		};
		C057E4962CDF5D8300574717 = {
			isa = PBXGroup;
			children = (
				C057E4A12CDF5D8300574717 /* ToDoListIos */,
				C057E4A02CDF5D8300574717 /* Products */,
			);
			sourceTree = "<group>";
		};
		C057E4A02CDF5D8300574717 /* Products */ = {
			isa = PBXGroup;
			children = (
				C057E49F2CDF5D8300574717 /* ToDoListIos.app */,
			);
			name = Products;
			sourceTree = "<group>";
		};
		C057E4A12CDF5D8300574717 /* ToDoListIos */ = {
			isa = PBXGroup;
			children = (
				C002287C2CE4B2ED00FBAA95 /* other */,
				C002287B2CE4B28B00FBAA95 /* Models */,
				C002287A2CE4B26200FBAA95 /* ViewModels */,
				C00228792CE4B24100FBAA95 /* Views */,
				C057E4AB2CDF5D8600574717 /* Info.plist */,
				C057E4A82CDF5D8600574717 /* Preview Content */,
			);
			path = ToDoListIos;
			sourceTree = "<group>";
		};
		C057E4A82CDF5D8600574717 /* Preview Content */ = {
			isa = PBXGroup;
			children = (
				C057E4A92CDF5D8600574717 /* Preview Assets.xcassets */,
			);
			path = "Preview Content";
			sourceTree = "<group>";
		};
/* End PBXGroup section */

/* Begin PBXNativeTarget section */
		C057E49E2CDF5D8300574717 /* ToDoListIos */ = {
			isa = PBXNativeTarget;
			buildConfigurationList = C057E4AE2CDF5D8600574717 /* Build configuration list for PBXNativeTarget "ToDoListIos" */;
			buildPhases = (
				C057E49B2CDF5D8300574717 /* Sources */,
				C057E49C2CDF5D8300574717 /* Frameworks */,
				C057E49D2CDF5D8300574717 /* Resources */,
			);
			buildRules = (
			);
			dependencies = (
			);
			name = ToDoListIos;
			packageProductDependencies = (
				C05C44EF2CE31AF700FDDAF3 /* FirebaseAuth */,
				C05C44F12CE31AF700FDDAF3 /* FirebaseFirestore */,
				C05C44F32CE31AF700FDDAF3 /* FirebaseFirestoreSwift */,
			);
			productName = ToDoListIos;
			productReference = C057E49F2CDF5D8300574717 /* ToDoListIos.app */;
			productType = "com.apple.product-type.application";
		};
/* End PBXNativeTarget section */

/* Begin PBXProject section */
		C057E4972CDF5D8300574717 /* Project object */ = {
			isa = PBXProject;
			attributes = {
				LastSwiftUpdateCheck = 1250;
				LastUpgradeCheck = 1250;
				TargetAttributes = {
					C057E49E2CDF5D8300574717 = {
						CreatedOnToolsVersion = 12.5.1;
					};
				};
			};
			buildConfigurationList = C057E49A2CDF5D8300574717 /* Build configuration list for PBXProject "ToDoListIos" */;
			compatibilityVersion = "Xcode 9.3";
			developmentRegion = en;
			hasScannedForEncodings = 0;
			knownRegions = (
				en,
				Base,
			);
			mainGroup = C057E4962CDF5D8300574717;
			packageReferences = (
				C05C44EE2CE31AF700FDDAF3 /* XCRemoteSwiftPackageReference "firebase-ios-sdk" */,
			);
			productRefGroup = C057E4A02CDF5D8300574717 /* Products */;
			projectDirPath = "";
			projectRoot = "";
			targets = (
				C057E49E2CDF5D8300574717 /* ToDoListIos */,
			);
		};
/* End PBXProject section */

/* Begin PBXResourcesBuildPhase section */
		C057E49D2CDF5D8300574717 /* Resources */ = {
			isa = PBXResourcesBuildPhase;
			buildActionMask = 2147483647;
			files = (
				C057E4AA2CDF5D8600574717 /* Preview Assets.xcassets in Resources */,
				C057E4A72CDF5D8600574717 /* Assets.xcassets in Resources */,
				C07AEBFB2D20ADA400244D89 /* Launch Screen.storyboard in Resources */,
				C05C44F62CE3609500FDDAF3 /* GoogleService-Info.plist in Resources */,
			);
			runOnlyForDeploymentPostprocessing = 0;
		};
/* End PBXResourcesBuildPhase section */

/* Begin PBXSourcesBuildPhase section */
		C057E49B2CDF5D8300574717 /* Sources */ = {
			isa = PBXSourcesBuildPhase;
			buildActionMask = 2147483647;
			files = (
				C00228842CE4CA4800FBAA95 /* ToDoListView.swift in Sources */,
				C09B02722D1CA719006B90AE /* TLButton.swift in Sources */,
				C057E4A52CDF5D8300574717 /* MainView.swift in Sources */,
				C00228982CE4D9A900FBAA95 /* ToDoListItemViewViewModel.swift in Sources */,
				C002288E2CE4D14D00FBAA95 /* MainViewViewModel.swift in Sources */,
				C00228862CE4CA5F00FBAA95 /* NewItemView.swift in Sources */,
				C00228822CE4CA2D00FBAA95 /* RegisterView.swift in Sources */,
				C01445192CE7777C00D7D481 /* HeaderView.swift in Sources */,
				C00228902CE4D17900FBAA95 /* ProfileViewViewModel.swift in Sources */,
				C002287E2CE4CA0000FBAA95 /* ProfileView.swift in Sources */,
				C002288A2CE4CFF200FBAA95 /* User.swift in Sources */,
				C00228882CE4CA8600FBAA95 /* ToDoListItemView.swift in Sources */,
				C00228922CE4D25C00FBAA95 /* ToDoListViewViewModel.swift in Sources */,
				C061E7212D1D5CBC0012F826 /* RegisterViewViewModel.swift in Sources */,
				C00228962CE4D71A00FBAA95 /* LoginViewViewModel.swift in Sources */,
				C061E7232D1D72F20012F826 /* Extensions.swift in Sources */,
				C00228802CE4CA1600FBAA95 /* LoginView.swift in Sources */,
				C002288C2CE4D03600FBAA95 /* ToDoListItem.swift in Sources */,
				C057E4A32CDF5D8300574717 /* ToDoListIosApp.swift in Sources */,
				C00228942CE4D28600FBAA95 /* NewItemViewViewModel.swift in Sources */,
			);
			runOnlyForDeploymentPostprocessing = 0;
		};
/* End PBXSourcesBuildPhase section */

/* Begin XCBuildConfiguration section */
		C057E4AC2CDF5D8600574717 /* Debug */ = {
			isa = XCBuildConfiguration;
			buildSettings = {
				ALWAYS_SEARCH_USER_PATHS = NO;
				CLANG_ANALYZER_NONNULL = YES;
				CLANG_ANALYZER_NUMBER_OBJECT_CONVERSION = YES_AGGRESSIVE;
				CLANG_CXX_LANGUAGE_STANDARD = "gnu++14";
				CLANG_CXX_LIBRARY = "libc++";
				CLANG_ENABLE_MODULES = YES;
				CLANG_ENABLE_OBJC_ARC = YES;
				CLANG_ENABLE_OBJC_WEAK = YES;
				CLANG_WARN_BLOCK_CAPTURE_AUTORELEASING = YES;
				CLANG_WARN_BOOL_CONVERSION = YES;
				CLANG_WARN_COMMA = YES;
				CLANG_WARN_CONSTANT_CONVERSION = YES;
				CLANG_WARN_DEPRECATED_OBJC_IMPLEMENTATIONS = YES;
				CLANG_WARN_DIRECT_OBJC_ISA_USAGE = YES_ERROR;
				CLANG_WARN_DOCUMENTATION_COMMENTS = YES;
				CLANG_WARN_EMPTY_BODY = YES;
				CLANG_WARN_ENUM_CONVERSION = YES;
				CLANG_WARN_INFINITE_RECURSION = YES;
				CLANG_WARN_INT_CONVERSION = YES;
				CLANG_WARN_NON_LITERAL_NULL_CONVERSION = YES;
				CLANG_WARN_OBJC_IMPLICIT_RETAIN_SELF = YES;
				CLANG_WARN_OBJC_LITERAL_CONVERSION = YES;
				CLANG_WARN_OBJC_ROOT_CLASS = YES_ERROR;
				CLANG_WARN_QUOTED_INCLUDE_IN_FRAMEWORK_HEADER = YES;
				CLANG_WARN_RANGE_LOOP_ANALYSIS = YES;
				CLANG_WARN_STRICT_PROTOTYPES = YES;
				CLANG_WARN_SUSPICIOUS_MOVE = YES;
				CLANG_WARN_UNGUARDED_AVAILABILITY = YES_AGGRESSIVE;
				CLANG_WARN_UNREACHABLE_CODE = YES;
				CLANG_WARN__DUPLICATE_METHOD_MATCH = YES;
				COPY_PHASE_STRIP = NO;
				DEBUG_INFORMATION_FORMAT = dwarf;
				ENABLE_STRICT_OBJC_MSGSEND = YES;
				ENABLE_TESTABILITY = YES;
				GCC_C_LANGUAGE_STANDARD = gnu11;
				GCC_DYNAMIC_NO_PIC = NO;
				GCC_NO_COMMON_BLOCKS = YES;
				GCC_OPTIMIZATION_LEVEL = 0;
				GCC_PREPROCESSOR_DEFINITIONS = (
					"DEBUG=1",
					"$(inherited)",
				);
				GCC_WARN_64_TO_32_BIT_CONVERSION = YES;
				GCC_WARN_ABOUT_RETURN_TYPE = YES_ERROR;
				GCC_WARN_UNDECLARED_SELECTOR = YES;
				GCC_WARN_UNINITIALIZED_AUTOS = YES_AGGRESSIVE;
				GCC_WARN_UNUSED_FUNCTION = YES;
				GCC_WARN_UNUSED_VARIABLE = YES;
				IPHONEOS_DEPLOYMENT_TARGET = 14.5;
				MTL_ENABLE_DEBUG_INFO = INCLUDE_SOURCE;
				MTL_FAST_MATH = YES;
				ONLY_ACTIVE_ARCH = YES;
				SDKROOT = iphoneos;
				SWIFT_ACTIVE_COMPILATION_CONDITIONS = DEBUG;
				SWIFT_OPTIMIZATION_LEVEL = "-Onone";
			};
			name = Debug;
		};
		C057E4AD2CDF5D8600574717 /* Release */ = {
			isa = XCBuildConfiguration;
			buildSettings = {
				ALWAYS_SEARCH_USER_PATHS = NO;
				CLANG_ANALYZER_NONNULL = YES;
				CLANG_ANALYZER_NUMBER_OBJECT_CONVERSION = YES_AGGRESSIVE;
				CLANG_CXX_LANGUAGE_STANDARD = "gnu++14";
				CLANG_CXX_LIBRARY = "libc++";
				CLANG_ENABLE_MODULES = YES;
				CLANG_ENABLE_OBJC_ARC = YES;
				CLANG_ENABLE_OBJC_WEAK = YES;
				CLANG_WARN_BLOCK_CAPTURE_AUTORELEASING = YES;
				CLANG_WARN_BOOL_CONVERSION = YES;
				CLANG_WARN_COMMA = YES;
				CLANG_WARN_CONSTANT_CONVERSION = YES;
				CLANG_WARN_DEPRECATED_OBJC_IMPLEMENTATIONS = YES;
				CLANG_WARN_DIRECT_OBJC_ISA_USAGE = YES_ERROR;
				CLANG_WARN_DOCUMENTATION_COMMENTS = YES;
				CLANG_WARN_EMPTY_BODY = YES;
				CLANG_WARN_ENUM_CONVERSION = YES;
				CLANG_WARN_INFINITE_RECURSION = YES;
				CLANG_WARN_INT_CONVERSION = YES;
				CLANG_WARN_NON_LITERAL_NULL_CONVERSION = YES;
				CLANG_WARN_OBJC_IMPLICIT_RETAIN_SELF = YES;
				CLANG_WARN_OBJC_LITERAL_CONVERSION = YES;
				CLANG_WARN_OBJC_ROOT_CLASS = YES_ERROR;
				CLANG_WARN_QUOTED_INCLUDE_IN_FRAMEWORK_HEADER = YES;
				CLANG_WARN_RANGE_LOOP_ANALYSIS = YES;
				CLANG_WARN_STRICT_PROTOTYPES = YES;
				CLANG_WARN_SUSPICIOUS_MOVE = YES;
				CLANG_WARN_UNGUARDED_AVAILABILITY = YES_AGGRESSIVE;
				CLANG_WARN_UNREACHABLE_CODE = YES;
				CLANG_WARN__DUPLICATE_METHOD_MATCH = YES;
				COPY_PHASE_STRIP = NO;
				DEBUG_INFORMATION_FORMAT = "dwarf-with-dsym";
				ENABLE_NS_ASSERTIONS = NO;
				ENABLE_STRICT_OBJC_MSGSEND = YES;
				GCC_C_LANGUAGE_STANDARD = gnu11;
				GCC_NO_COMMON_BLOCKS = YES;
				GCC_WARN_64_TO_32_BIT_CONVERSION = YES;
				GCC_WARN_ABOUT_RETURN_TYPE = YES_ERROR;
				GCC_WARN_UNDECLARED_SELECTOR = YES;
				GCC_WARN_UNINITIALIZED_AUTOS = YES_AGGRESSIVE;
				GCC_WARN_UNUSED_FUNCTION = YES;
				GCC_WARN_UNUSED_VARIABLE = YES;
				IPHONEOS_DEPLOYMENT_TARGET = 14.5;
				MTL_ENABLE_DEBUG_INFO = NO;
				MTL_FAST_MATH = YES;
				SDKROOT = iphoneos;
				SWIFT_COMPILATION_MODE = wholemodule;
				SWIFT_OPTIMIZATION_LEVEL = "-O";
				VALIDATE_PRODUCT = YES;
			};
			name = Release;
		};
		C057E4AF2CDF5D8600574717 /* Debug */ = {
			isa = XCBuildConfiguration;
			buildSettings = {
				ASSETCATALOG_COMPILER_APPICON_NAME = AppIcon;
				ASSETCATALOG_COMPILER_GLOBAL_ACCENT_COLOR_NAME = AccentColor;
				CODE_SIGN_STYLE = Automatic;
				DEVELOPMENT_ASSET_PATHS = "\"ToDoListIos/Preview Content\"";
				ENABLE_PREVIEWS = YES;
				INFOPLIST_FILE = ToDoListIos/Info.plist;
				IPHONEOS_DEPLOYMENT_TARGET = 14.0;
				LD_RUNPATH_SEARCH_PATHS = (
					"$(inherited)",
					"@executable_path/Frameworks",
				);
				PRODUCT_BUNDLE_IDENTIFIER = mavineNaaman.ToDoListIos;
				PRODUCT_NAME = "$(TARGET_NAME)";
				SWIFT_VERSION = 5.0;
				TARGETED_DEVICE_FAMILY = "1,2";
			};
			name = Debug;
		};
		C057E4B02CDF5D8600574717 /* Release */ = {
			isa = XCBuildConfiguration;
			buildSettings = {
				ASSETCATALOG_COMPILER_APPICON_NAME = AppIcon;
				ASSETCATALOG_COMPILER_GLOBAL_ACCENT_COLOR_NAME = AccentColor;
				CODE_SIGN_STYLE = Automatic;
				DEVELOPMENT_ASSET_PATHS = "\"ToDoListIos/Preview Content\"";
				ENABLE_PREVIEWS = YES;
				INFOPLIST_FILE = ToDoListIos/Info.plist;
				IPHONEOS_DEPLOYMENT_TARGET = 14.0;
				LD_RUNPATH_SEARCH_PATHS = (
					"$(inherited)",
					"@executable_path/Frameworks",
				);
				PRODUCT_BUNDLE_IDENTIFIER = mavineNaaman.ToDoListIos;
				PRODUCT_NAME = "$(TARGET_NAME)";
				SWIFT_VERSION = 5.0;
				TARGETED_DEVICE_FAMILY = "1,2";
			};
			name = Release;
		};
/* End XCBuildConfiguration section */

/* Begin XCConfigurationList section */
		C057E49A2CDF5D8300574717 /* Build configuration list for PBXProject "ToDoListIos" */ = {
			isa = XCConfigurationList;
			buildConfigurations = (
				C057E4AC2CDF5D8600574717 /* Debug */,
				C057E4AD2CDF5D8600574717 /* Release */,
			);
			defaultConfigurationIsVisible = 0;
			defaultConfigurationName = Release;
		};
		C057E4AE2CDF5D8600574717 /* Build configuration list for PBXNativeTarget "ToDoListIos" */ = {
			isa = XCConfigurationList;
			buildConfigurations = (
				C057E4AF2CDF5D8600574717 /* Debug */,
				C057E4B02CDF5D8600574717 /* Release */,
			);
			defaultConfigurationIsVisible = 0;
			defaultConfigurationName = Release;
		};
/* End XCConfigurationList section */

/* Begin XCRemoteSwiftPackageReference section */
		C05C44EE2CE31AF700FDDAF3 /* XCRemoteSwiftPackageReference "firebase-ios-sdk" */ = {
			isa = XCRemoteSwiftPackageReference;
			repositoryURL = "https://github.com/firebase/firebase-ios-sdk.git";
			requirement = {
				kind = upToNextMajorVersion;
				minimumVersion = 10.7.0;
			};
		};
/* End XCRemoteSwiftPackageReference section */

/* Begin XCSwiftPackageProductDependency section */
		C05C44EF2CE31AF700FDDAF3 /* FirebaseAuth */ = {
			isa = XCSwiftPackageProductDependency;
			package = C05C44EE2CE31AF700FDDAF3 /* XCRemoteSwiftPackageReference "firebase-ios-sdk" */;
			productName = FirebaseAuth;
		};
		C05C44F12CE31AF700FDDAF3 /* FirebaseFirestore */ = {
			isa = XCSwiftPackageProductDependency;
			package = C05C44EE2CE31AF700FDDAF3 /* XCRemoteSwiftPackageReference "firebase-ios-sdk" */;
			productName = FirebaseFirestore;
		};
		C05C44F32CE31AF700FDDAF3 /* FirebaseFirestoreSwift */ = {
			isa = XCSwiftPackageProductDependency;
			package = C05C44EE2CE31AF700FDDAF3 /* XCRemoteSwiftPackageReference "firebase-ios-sdk" */;
			productName = FirebaseFirestoreSwift;
		};
/* End XCSwiftPackageProductDependency section */
	};
	rootObject = C057E4972CDF5D8300574717 /* Project object */;
}
